
Microsoft Visual Studio Solution File, Format Version 12.00
# Visual Studio Version 17
VisualStudioVersion = 17.10.35027.167
MinimumVisualStudioVersion = 10.0.40219.1
Project("{9A19103F-16F7-4668-BE54-9A1E7A4F7556}") = "2024-09-18 - Lesson (Intro to EntityFramework)", "2024-09-16 - Lesson (Intro to EntityFramework)\2024-09-18 - Lesson (Intro to EntityFramework).csproj", "{8E75A328-EA2F-4312-95FF-6F4FE4500374}"
EndProject
Project("{9A19103F-16F7-4668-BE54-9A1E7A4F7556}") = "2024-09-18 - HW (Intro to EntityFramework)", "2024-09-18 - HW (Intro to EntityFramework)\2024-09-18 - HW (Intro to EntityFramework).csproj", "{BFB38A2C-B05A-4CA7-B42D-259FD2AF9612}"
EndProject
Project("{9A19103F-16F7-4668-BE54-9A1E7A4F7556}") = "2024-09-20 - Lesson (Migrations)", "2024-09-20 - Lesson (Migrations)\2024-09-20 - Lesson (Migrations).csproj", "{700E5D53-C379-4BA3-9E0F-2519049349CA}"
EndProject
Project("{9A19103F-16F7-4668-BE54-9A1E7A4F7556}") = "2024-09-20 - HW (Migrations)", "2024-09-20 - HW (Migrations)\2024-09-20 - HW (Migrations).csproj", "{CFEAA8F6-15E0-4386-B30B-BB4D506DBB56}"
EndProject
Project("{9A19103F-16F7-4668-BE54-9A1E7A4F7556}") = "2024-09-23 - Lesson (Fluient API)", "2024-09-23 - Lesson (Fluient API)\2024-09-23 - Lesson (Fluient API).csproj", "{C4EEECC4-B874-4BB7-BF1F-18D23B249887}"
EndProject
Project("{9A19103F-16F7-4668-BE54-9A1E7A4F7556}") = "2024-09-23 - HW (Fluient API)", "2024-09-23 - HW (Fluient API)\2024-09-23 - HW (Fluient API).csproj", "{C2D367C9-6157-4A8F-BB10-A86F20D6877B}"
EndProject
Project("{9A19103F-16F7-4668-BE54-9A1E7A4F7556}") = "2024-09-25 - Lesson (Loading Data)", "2024-09-25 - Lesson (Loading Data)\2024-09-25 - Lesson (Loading Data).csproj", "{93516316-1616-4E5E-8925-9EAD88AF35E5}"
EndProject
Project("{9A19103F-16F7-4668-BE54-9A1E7A4F7556}") = "Shop_Data_Access", "Shop_Data_Access\Shop_Data_Access.csproj", "{D3768D2C-CA88-4839-A76F-3A1CA6DDA796}"
EndProject
Project("{9A19103F-16F7-4668-BE54-9A1E7A4F7556}") = "2024-09-25 - Lesson (Loading Data) App", "2024-09-25 - Lesson (Loading Data) App\2024-09-25 - Lesson (Loading Data) App.csproj", "{720E61F0-58E9-43FE-97B2-FF4A8166354E}"
EndProject
Project("{FAE04EC0-301F-11D3-BF4B-00C04F79EFBC}") = "Airline_Data_Access", "Airline_Data_Access\Airline_Data_Access.csproj", "{437E54F8-DB4B-4197-8982-336BEFC41A63}"
EndProject
Global
	GlobalSection(SolutionConfigurationPlatforms) = preSolution
		Debug|Any CPU = Debug|Any CPU
		Release|Any CPU = Release|Any CPU
	EndGlobalSection
	GlobalSection(ProjectConfigurationPlatforms) = postSolution
		{8E75A328-EA2F-4312-95FF-6F4FE4500374}.Debug|Any CPU.ActiveCfg = Debug|Any CPU
		{8E75A328-EA2F-4312-95FF-6F4FE4500374}.Debug|Any CPU.Build.0 = Debug|Any CPU
		{8E75A328-EA2F-4312-95FF-6F4FE4500374}.Release|Any CPU.ActiveCfg = Release|Any CPU
		{8E75A328-EA2F-4312-95FF-6F4FE4500374}.Release|Any CPU.Build.0 = Release|Any CPU
		{BFB38A2C-B05A-4CA7-B42D-259FD2AF9612}.Debug|Any CPU.ActiveCfg = Debug|Any CPU
		{BFB38A2C-B05A-4CA7-B42D-259FD2AF9612}.Debug|Any CPU.Build.0 = Debug|Any CPU
		{BFB38A2C-B05A-4CA7-B42D-259FD2AF9612}.Release|Any CPU.ActiveCfg = Release|Any CPU
		{BFB38A2C-B05A-4CA7-B42D-259FD2AF9612}.Release|Any CPU.Build.0 = Release|Any CPU
		{700E5D53-C379-4BA3-9E0F-2519049349CA}.Debug|Any CPU.ActiveCfg = Debug|Any CPU
		{700E5D53-C379-4BA3-9E0F-2519049349CA}.Debug|Any CPU.Build.0 = Debug|Any CPU
		{700E5D53-C379-4BA3-9E0F-2519049349CA}.Release|Any CPU.ActiveCfg = Release|Any CPU
		{700E5D53-C379-4BA3-9E0F-2519049349CA}.Release|Any CPU.Build.0 = Release|Any CPU
		{CFEAA8F6-15E0-4386-B30B-BB4D506DBB56}.Debug|Any CPU.ActiveCfg = Debug|Any CPU
		{CFEAA8F6-15E0-4386-B30B-BB4D506DBB56}.Debug|Any CPU.Build.0 = Debug|Any CPU
		{CFEAA8F6-15E0-4386-B30B-BB4D506DBB56}.Release|Any CPU.ActiveCfg = Release|Any CPU
		{CFEAA8F6-15E0-4386-B30B-BB4D506DBB56}.Release|Any CPU.Build.0 = Release|Any CPU
		{C4EEECC4-B874-4BB7-BF1F-18D23B249887}.Debug|Any CPU.ActiveCfg = Debug|Any CPU
		{C4EEECC4-B874-4BB7-BF1F-18D23B249887}.Debug|Any CPU.Build.0 = Debug|Any CPU
		{C4EEECC4-B874-4BB7-BF1F-18D23B249887}.Release|Any CPU.ActiveCfg = Release|Any CPU
		{C4EEECC4-B874-4BB7-BF1F-18D23B249887}.Release|Any CPU.Build.0 = Release|Any CPU
		{C2D367C9-6157-4A8F-BB10-A86F20D6877B}.Debug|Any CPU.ActiveCfg = Debug|Any CPU
		{C2D367C9-6157-4A8F-BB10-A86F20D6877B}.Debug|Any CPU.Build.0 = Debug|Any CPU
		{C2D367C9-6157-4A8F-BB10-A86F20D6877B}.Release|Any CPU.ActiveCfg = Release|Any CPU
		{C2D367C9-6157-4A8F-BB10-A86F20D6877B}.Release|Any CPU.Build.0 = Release|Any CPU
		{93516316-1616-4E5E-8925-9EAD88AF35E5}.Debug|Any CPU.ActiveCfg = Debug|Any CPU
		{93516316-1616-4E5E-8925-9EAD88AF35E5}.Debug|Any CPU.Build.0 = Debug|Any CPU
		{93516316-1616-4E5E-8925-9EAD88AF35E5}.Release|Any CPU.ActiveCfg = Release|Any CPU
		{93516316-1616-4E5E-8925-9EAD88AF35E5}.Release|Any CPU.Build.0 = Release|Any CPU
		{D3768D2C-CA88-4839-A76F-3A1CA6DDA796}.Debug|Any CPU.ActiveCfg = Debug|Any CPU
		{D3768D2C-CA88-4839-A76F-3A1CA6DDA796}.Debug|Any CPU.Build.0 = Debug|Any CPU
		{D3768D2C-CA88-4839-A76F-3A1CA6DDA796}.Release|Any CPU.ActiveCfg = Release|Any CPU
		{D3768D2C-CA88-4839-A76F-3A1CA6DDA796}.Release|Any CPU.Build.0 = Release|Any CPU
		{720E61F0-58E9-43FE-97B2-FF4A8166354E}.Debug|Any CPU.ActiveCfg = Debug|Any CPU
		{720E61F0-58E9-43FE-97B2-FF4A8166354E}.Debug|Any CPU.Build.0 = Debug|Any CPU
		{720E61F0-58E9-43FE-97B2-FF4A8166354E}.Release|Any CPU.ActiveCfg = Release|Any CPU
		{720E61F0-58E9-43FE-97B2-FF4A8166354E}.Release|Any CPU.Build.0 = Release|Any CPU
		{437E54F8-DB4B-4197-8982-336BEFC41A63}.Debug|Any CPU.ActiveCfg = Debug|Any CPU
		{437E54F8-DB4B-4197-8982-336BEFC41A63}.Debug|Any CPU.Build.0 = Debug|Any CPU
		{437E54F8-DB4B-4197-8982-336BEFC41A63}.Release|Any CPU.ActiveCfg = Release|Any CPU
		{437E54F8-DB4B-4197-8982-336BEFC41A63}.Release|Any CPU.Build.0 = Release|Any CPU
	EndGlobalSection
	GlobalSection(SolutionProperties) = preSolution
		HideSolutionNode = FALSE
	EndGlobalSection
	GlobalSection(ExtensibilityGlobals) = postSolution
		SolutionGuid = {23215F10-20D7-435F-B6D4-6F0DF4D3EBD4}
	EndGlobalSection
EndGlobal
